
Microsoft Visual Studio Solution File, Format Version 12.00
# Visual Studio Version 17
VisualStudioVersion = 17.5.002.0
MinimumVisualStudioVersion = 10.0.40219.1
Project("{9A19103F-16F7-4668-BE54-9A1E7A4F7556}") = "Exercicio_10", "Exercicio_10.csproj", "{2667D39C-07F6-4A3C-BB33-1EBEC3E5D539}"
EndProject
Global
	GlobalSection(SolutionConfigurationPlatforms) = preSolution
		Debug|Any CPU = Debug|Any CPU
		Release|Any CPU = Release|Any CPU
	EndGlobalSection
	GlobalSection(ProjectConfigurationPlatforms) = postSolution
		{2667D39C-07F6-4A3C-BB33-1EBEC3E5D539}.Debug|Any CPU.ActiveCfg = Debug|Any CPU
		{2667D39C-07F6-4A3C-BB33-1EBEC3E5D539}.Debug|Any CPU.Build.0 = Debug|Any CPU
		{2667D39C-07F6-4A3C-BB33-1EBEC3E5D539}.Release|Any CPU.ActiveCfg = Release|Any CPU
		{2667D39C-07F6-4A3C-BB33-1EBEC3E5D539}.Release|Any CPU.Build.0 = Release|Any CPU
	EndGlobalSection
	GlobalSection(SolutionProperties) = preSolution
		HideSolutionNode = FALSE
	EndGlobalSection
	GlobalSection(ExtensibilityGlobals) = postSolution
		SolutionGuid = {7A0F1C57-485A-43D5-A86A-05137276D166}
	EndGlobalSection
EndGlobal
