
Microsoft Visual Studio Solution File, Format Version 12.00
# Visual Studio Version 17
VisualStudioVersion = 17.5.002.0
MinimumVisualStudioVersion = 10.0.40219.1
Project("{9A19103F-16F7-4668-BE54-9A1E7A4F7556}") = "Blazor", "Blazor.csproj", "{70DD8FAD-0ED4-4E91-999B-E352CE624216}"
EndProject
Global
	GlobalSection(SolutionConfigurationPlatforms) = preSolution
		Debug|Any CPU = Debug|Any CPU
		Release|Any CPU = Release|Any CPU
	EndGlobalSection
	GlobalSection(ProjectConfigurationPlatforms) = postSolution
		{70DD8FAD-0ED4-4E91-999B-E352CE624216}.Debug|Any CPU.ActiveCfg = Debug|Any CPU
		{70DD8FAD-0ED4-4E91-999B-E352CE624216}.Debug|Any CPU.Build.0 = Debug|Any CPU
		{70DD8FAD-0ED4-4E91-999B-E352CE624216}.Release|Any CPU.ActiveCfg = Release|Any CPU
		{70DD8FAD-0ED4-4E91-999B-E352CE624216}.Release|Any CPU.Build.0 = Release|Any CPU
	EndGlobalSection
	GlobalSection(SolutionProperties) = preSolution
		HideSolutionNode = FALSE
	EndGlobalSection
	GlobalSection(ExtensibilityGlobals) = postSolution
		SolutionGuid = {CBC93E2C-1062-4E87-BC73-37C60366B8E4}
	EndGlobalSection
EndGlobal
